{
  "name": "algoclock",
  "version": "1.0.0",
  "lockfileVersion": 2,
  "requires": true,
  "packages": {
    "": {
      "name": "algoclock",
      "version": "1.0.0",
      "license": "ISC",
      "dependencies": {
        "clockalgo": "github:steve-meyer/clockalgo.js#v0.3.4"
      }
    },
    "node_modules/clockalgo": {
      "version": "0.3.4",
      "resolved": "git+ssh://git@github.com/steve-meyer/clockalgo.js.git#fa6d12b0620a4b3ab15eef0ec65cb428a686e34d",
      "license": "MIT"
    }
  },
  "dependencies": {
    "clockalgo": {
      "version": "git+ssh://git@github.com/steve-meyer/clockalgo.js.git#fa6d12b0620a4b3ab15eef0ec65cb428a686e34d",
      "from": "clockalgo@github:steve-meyer/clockalgo.js#v0.3.4"
    }
  }
}
