{
  "name": "algoclock",
  "version": "1.0.0",
  "lockfileVersion": 2,
  "requires": true,
  "packages": {
    "": {
      "name": "algoclock",
      "version": "1.0.0",
      "license": "ISC",
      "dependencies": {
        "clockalgo": "github:steve-meyer/clockalgo.js#v0.4.1"
      }
    },
    "node_modules/clockalgo": {
      "version": "0.4.1",
      "resolved": "git+ssh://git@github.com/steve-meyer/clockalgo.js.git#6c627c542a1576c3d1c1e6aeb1b9304c0a6ae59b",
      "license": "MIT"
    }
  },
  "dependencies": {
    "clockalgo": {
      "version": "git+ssh://git@github.com/steve-meyer/clockalgo.js.git#6c627c542a1576c3d1c1e6aeb1b9304c0a6ae59b",
      "from": "clockalgo@github:steve-meyer/clockalgo.js#v0.4.1"
    }
  }
}
